
Microsoft Visual Studio Solution File, Format Version 12.00
# Visual Studio Version 17
VisualStudioVersion = 17.0.31903.59
MinimumVisualStudioVersion = 10.0.40219.1
Project("{2150E333-8FDC-42A3-9474-1A3956D46DE8}") = "industrial", "industrial", "{99F30A76-4397-D33E-4645-72569B461E26}"
EndProject
Project("{FAE04EC0-301F-11D3-BF4B-00C04F79EFBC}") = "CoroMES.Industrial.EthernetIp", "industrial\CoroMES.Industrial.EthernetIp\CoroMES.Industrial.EthernetIp.csproj", "{5DD78E6A-251F-4AA8-87FA-63469D09ECC6}"
EndProject
Project("{2150E333-8FDC-42A3-9474-1A3956D46DE8}") = "src", "src", "{827E0CD3-B72D-47B6-A68D-7590B98EB39B}"
EndProject
Project("{FAE04EC0-301F-11D3-BF4B-00C04F79EFBC}") = "CoroMES.Core", "src\CoroMES.Core\CoroMES.Core.csproj", "{E57AD173-7CB2-4829-AEC6-24F148C83CCD}"
EndProject
Project("{FAE04EC0-301F-11D3-BF4B-00C04F79EFBC}") = "CoroMES.Industrial.i3X", "industrial\CoroMES.Industrial.i3X\CoroMES.Industrial.i3X.csproj", "{3428A10B-A892-4589-9B9A-0261C89E5EE3}"
EndProject
Project("{FAE04EC0-301F-11D3-BF4B-00C04F79EFBC}") = "CoroMES.Industrial.Mqtt", "industrial\CoroMES.Industrial.Mqtt\CoroMES.Industrial.Mqtt.csproj", "{B9FD68B6-E74F-40C6-8AAF-0D94ED64465D}"
EndProject
Project("{FAE04EC0-301F-11D3-BF4B-00C04F79EFBC}") = "CoroMES.Industrial.OpcUa", "industrial\CoroMES.Industrial.OpcUa\CoroMES.Industrial.OpcUa.csproj", "{402F3D10-04FC-4740-956A-E242D1568CC3}"
EndProject
Project("{2150E333-8FDC-42A3-9474-1A3956D46DE8}") = "integration", "integration", "{823D4020-332D-2C13-F261-6F510F11A57E}"
EndProject
Project("{FAE04EC0-301F-11D3-BF4B-00C04F79EFBC}") = "CoroMES.Integration.Cti", "integration\CoroMES.Integration.Cti\CoroMES.Integration.Cti.csproj", "{D8007BED-0C6F-4EE9-AD0C-F7A5A19971E9}"
EndProject
Project("{FAE04EC0-301F-11D3-BF4B-00C04F79EFBC}") = "CoroMES.Integration.IIoT", "integration\CoroMES.Integration.IIoT\CoroMES.Integration.IIoT.csproj", "{D7048D30-9E68-4263-9C20-179E1201113F}"
EndProject
Project("{FAE04EC0-301F-11D3-BF4B-00C04F79EFBC}") = "CoroMES.Integration.TrueCommerce", "integration\CoroMES.Integration.TrueCommerce\CoroMES.Integration.TrueCommerce.csproj", "{D4D78D7C-2D76-4A1C-A86E-DCB3C5CADCC7}"
EndProject
Project("{FAE04EC0-301F-11D3-BF4B-00C04F79EFBC}") = "CoroMES.Integration.Upkeep", "integration\CoroMES.Integration.Upkeep\CoroMES.Integration.Upkeep.csproj", "{9B9540A8-7DAD-4E63-B3DF-A8D24DED715E}"
EndProject
Project("{2150E333-8FDC-42A3-9474-1A3956D46DE8}") = "modules", "modules", "{CA253913-39DE-BFD0-C9A3-4B7EC6FBDF17}"
EndProject
Project("{FAE04EC0-301F-11D3-BF4B-00C04F79EFBC}") = "CoroMES.Equipment", "modules\CoroMES.Equipment\CoroMES.Equipment.csproj", "{1BDB72BF-83EF-4F4C-9277-4A9ED8953FD0}"
EndProject
Project("{FAE04EC0-301F-11D3-BF4B-00C04F79EFBC}") = "CoroMES.Inventory", "modules\CoroMES.Inventory\CoroMES.Inventory.csproj", "{86164E1A-2074-4954-8F26-20F569738A43}"
EndProject
Project("{FAE04EC0-301F-11D3-BF4B-00C04F79EFBC}") = "CoroMES.Production", "modules\CoroMES.Production\CoroMES.Production.csproj", "{E74CF69D-5F33-43E9-9982-7084F0383F08}"
EndProject
Project("{FAE04EC0-301F-11D3-BF4B-00C04F79EFBC}") = "CoroMES.Quality", "modules\CoroMES.Quality\CoroMES.Quality.csproj", "{C2F677BA-E032-4B84-958D-F8DB507C1300}"
EndProject
Project("{FAE04EC0-301F-11D3-BF4B-00C04F79EFBC}") = "CoroMES.Workforce", "modules\CoroMES.Workforce\CoroMES.Workforce.csproj", "{D09BCD23-670B-4C2C-9794-FA11462C2DB4}"
EndProject
Project("{FAE04EC0-301F-11D3-BF4B-00C04F79EFBC}") = "CoroMES.Api", "src\CoroMES.Api\CoroMES.Api.csproj", "{F11BAE97-A7CC-4F4E-802A-545EF0BD9DE6}"
EndProject
Project("{FAE04EC0-301F-11D3-BF4B-00C04F79EFBC}") = "CoroMES.Application", "src\CoroMES.Application\CoroMES.Application.csproj", "{C8B65F28-A39B-4743-A276-6465CC1B88C5}"
EndProject
Project("{FAE04EC0-301F-11D3-BF4B-00C04F79EFBC}") = "CoroMES.Infrastructure", "src\CoroMES.Infrastructure\CoroMES.Infrastructure.csproj", "{EE0BBC0B-8278-4A15-A6DF-1BD3B511AC2B}"
EndProject
Project("{FAE04EC0-301F-11D3-BF4B-00C04F79EFBC}") = "CoroMES.Reporting", "src\CoroMES.Reporting\CoroMES.Reporting.csproj", "{1EC50F86-1F73-4943-A451-2364D086ACCF}"
EndProject
Project("{2150E333-8FDC-42A3-9474-1A3956D46DE8}") = "tests", "tests", "{0AB3BF05-4346-4AA6-1389-037BE0695223}"
EndProject
Project("{FAE04EC0-301F-11D3-BF4B-00C04F79EFBC}") = "CoroMES.IntegrationTests", "tests\CoroMES.IntegrationTests\CoroMES.IntegrationTests.csproj", "{DA2A9DF0-00AC-4E93-A9FA-5B368C6A8BBB}"
EndProject
Project("{FAE04EC0-301F-11D3-BF4B-00C04F79EFBC}") = "CoroMES.UnitTests", "tests\CoroMES.UnitTests\CoroMES.UnitTests.csproj", "{6D326CAE-B115-43E1-974B-7A8B0FFF1FEC}"
EndProject
Project("{FAE04EC0-301F-11D3-BF4B-00C04F79EFBC}") = "CoroMES.Web", "src\CoroMES.Web\CoroMES.Web.csproj", "{5B5D111D-F649-4A82-A172-8E50AE35ACD0}"
EndProject
Project("{FAE04EC0-301F-11D3-BF4B-00C04F79EFBC}") = "CoroMES.Integration.Alerts", "integration\CoroMES.Integration.Alerts\CoroMES.Integration.Alerts.csproj", "{83E71238-5895-418F-85A6-065D999AAB92}"
EndProject
Global
	GlobalSection(SolutionConfigurationPlatforms) = preSolution
		Debug|Any CPU = Debug|Any CPU
		Debug|x64 = Debug|x64
		Debug|x86 = Debug|x86
		Release|Any CPU = Release|Any CPU
		Release|x64 = Release|x64
		Release|x86 = Release|x86
	EndGlobalSection
	GlobalSection(ProjectConfigurationPlatforms) = postSolution
		{5DD78E6A-251F-4AA8-87FA-63469D09ECC6}.Debug|Any CPU.ActiveCfg = Debug|Any CPU
		{5DD78E6A-251F-4AA8-87FA-63469D09ECC6}.Debug|Any CPU.Build.0 = Debug|Any CPU
		{5DD78E6A-251F-4AA8-87FA-63469D09ECC6}.Debug|x64.ActiveCfg = Debug|Any CPU
		{5DD78E6A-251F-4AA8-87FA-63469D09ECC6}.Debug|x64.Build.0 = Debug|Any CPU
		{5DD78E6A-251F-4AA8-87FA-63469D09ECC6}.Debug|x86.ActiveCfg = Debug|Any CPU
		{5DD78E6A-251F-4AA8-87FA-63469D09ECC6}.Debug|x86.Build.0 = Debug|Any CPU
		{5DD78E6A-251F-4AA8-87FA-63469D09ECC6}.Release|Any CPU.ActiveCfg = Release|Any CPU
		{5DD78E6A-251F-4AA8-87FA-63469D09ECC6}.Release|Any CPU.Build.0 = Release|Any CPU
		{5DD78E6A-251F-4AA8-87FA-63469D09ECC6}.Release|x64.ActiveCfg = Release|Any CPU
		{5DD78E6A-251F-4AA8-87FA-63469D09ECC6}.Release|x64.Build.0 = Release|Any CPU
		{5DD78E6A-251F-4AA8-87FA-63469D09ECC6}.Release|x86.ActiveCfg = Release|Any CPU
		{5DD78E6A-251F-4AA8-87FA-63469D09ECC6}.Release|x86.Build.0 = Release|Any CPU
		{E57AD173-7CB2-4829-AEC6-24F148C83CCD}.Debug|Any CPU.ActiveCfg = Debug|Any CPU
		{E57AD173-7CB2-4829-AEC6-24F148C83CCD}.Debug|Any CPU.Build.0 = Debug|Any CPU
		{E57AD173-7CB2-4829-AEC6-24F148C83CCD}.Debug|x64.ActiveCfg = Debug|Any CPU
		{E57AD173-7CB2-4829-AEC6-24F148C83CCD}.Debug|x64.Build.0 = Debug|Any CPU
		{E57AD173-7CB2-4829-AEC6-24F148C83CCD}.Debug|x86.ActiveCfg = Debug|Any CPU
		{E57AD173-7CB2-4829-AEC6-24F148C83CCD}.Debug|x86.Build.0 = Debug|Any CPU
		{E57AD173-7CB2-4829-AEC6-24F148C83CCD}.Release|Any CPU.ActiveCfg = Release|Any CPU
		{E57AD173-7CB2-4829-AEC6-24F148C83CCD}.Release|Any CPU.Build.0 = Release|Any CPU
		{E57AD173-7CB2-4829-AEC6-24F148C83CCD}.Release|x64.ActiveCfg = Release|Any CPU
		{E57AD173-7CB2-4829-AEC6-24F148C83CCD}.Release|x64.Build.0 = Release|Any CPU
		{E57AD173-7CB2-4829-AEC6-24F148C83CCD}.Release|x86.ActiveCfg = Release|Any CPU
		{E57AD173-7CB2-4829-AEC6-24F148C83CCD}.Release|x86.Build.0 = Release|Any CPU
		{3428A10B-A892-4589-9B9A-0261C89E5EE3}.Debug|Any CPU.ActiveCfg = Debug|Any CPU
		{3428A10B-A892-4589-9B9A-0261C89E5EE3}.Debug|Any CPU.Build.0 = Debug|Any CPU
		{3428A10B-A892-4589-9B9A-0261C89E5EE3}.Debug|x64.ActiveCfg = Debug|Any CPU
		{3428A10B-A892-4589-9B9A-0261C89E5EE3}.Debug|x64.Build.0 = Debug|Any CPU
		{3428A10B-A892-4589-9B9A-0261C89E5EE3}.Debug|x86.ActiveCfg = Debug|Any CPU
		{3428A10B-A892-4589-9B9A-0261C89E5EE3}.Debug|x86.Build.0 = Debug|Any CPU
		{3428A10B-A892-4589-9B9A-0261C89E5EE3}.Release|Any CPU.ActiveCfg = Release|Any CPU
		{3428A10B-A892-4589-9B9A-0261C89E5EE3}.Release|Any CPU.Build.0 = Release|Any CPU
		{3428A10B-A892-4589-9B9A-0261C89E5EE3}.Release|x64.ActiveCfg = Release|Any CPU
		{3428A10B-A892-4589-9B9A-0261C89E5EE3}.Release|x64.Build.0 = Release|Any CPU
		{3428A10B-A892-4589-9B9A-0261C89E5EE3}.Release|x86.ActiveCfg = Release|Any CPU
		{3428A10B-A892-4589-9B9A-0261C89E5EE3}.Release|x86.Build.0 = Release|Any CPU
		{B9FD68B6-E74F-40C6-8AAF-0D94ED64465D}.Debug|Any CPU.ActiveCfg = Debug|Any CPU
		{B9FD68B6-E74F-40C6-8AAF-0D94ED64465D}.Debug|Any CPU.Build.0 = Debug|Any CPU
		{B9FD68B6-E74F-40C6-8AAF-0D94ED64465D}.Debug|x64.ActiveCfg = Debug|Any CPU
		{B9FD68B6-E74F-40C6-8AAF-0D94ED64465D}.Debug|x64.Build.0 = Debug|Any CPU
		{B9FD68B6-E74F-40C6-8AAF-0D94ED64465D}.Debug|x86.ActiveCfg = Debug|Any CPU
		{B9FD68B6-E74F-40C6-8AAF-0D94ED64465D}.Debug|x86.Build.0 = Debug|Any CPU
		{B9FD68B6-E74F-40C6-8AAF-0D94ED64465D}.Release|Any CPU.ActiveCfg = Release|Any CPU
		{B9FD68B6-E74F-40C6-8AAF-0D94ED64465D}.Release|Any CPU.Build.0 = Release|Any CPU
		{B9FD68B6-E74F-40C6-8AAF-0D94ED64465D}.Release|x64.ActiveCfg = Release|Any CPU
		{B9FD68B6-E74F-40C6-8AAF-0D94ED64465D}.Release|x64.Build.0 = Release|Any CPU
		{B9FD68B6-E74F-40C6-8AAF-0D94ED64465D}.Release|x86.ActiveCfg = Release|Any CPU
		{B9FD68B6-E74F-40C6-8AAF-0D94ED64465D}.Release|x86.Build.0 = Release|Any CPU
		{402F3D10-04FC-4740-956A-E242D1568CC3}.Debug|Any CPU.ActiveCfg = Debug|Any CPU
		{402F3D10-04FC-4740-956A-E242D1568CC3}.Debug|Any CPU.Build.0 = Debug|Any CPU
		{402F3D10-04FC-4740-956A-E242D1568CC3}.Debug|x64.ActiveCfg = Debug|Any CPU
		{402F3D10-04FC-4740-956A-E242D1568CC3}.Debug|x64.Build.0 = Debug|Any CPU
		{402F3D10-04FC-4740-956A-E242D1568CC3}.Debug|x86.ActiveCfg = Debug|Any CPU
		{402F3D10-04FC-4740-956A-E242D1568CC3}.Debug|x86.Build.0 = Debug|Any CPU
		{402F3D10-04FC-4740-956A-E242D1568CC3}.Release|Any CPU.ActiveCfg = Release|Any CPU
		{402F3D10-04FC-4740-956A-E242D1568CC3}.Release|Any CPU.Build.0 = Release|Any CPU
		{402F3D10-04FC-4740-956A-E242D1568CC3}.Release|x64.ActiveCfg = Release|Any CPU
		{402F3D10-04FC-4740-956A-E242D1568CC3}.Release|x64.Build.0 = Release|Any CPU
		{402F3D10-04FC-4740-956A-E242D1568CC3}.Release|x86.ActiveCfg = Release|Any CPU
		{402F3D10-04FC-4740-956A-E242D1568CC3}.Release|x86.Build.0 = Release|Any CPU
		{D8007BED-0C6F-4EE9-AD0C-F7A5A19971E9}.Debug|Any CPU.ActiveCfg = Debug|Any CPU
		{D8007BED-0C6F-4EE9-AD0C-F7A5A19971E9}.Debug|Any CPU.Build.0 = Debug|Any CPU
		{D8007BED-0C6F-4EE9-AD0C-F7A5A19971E9}.Debug|x64.ActiveCfg = Debug|Any CPU
		{D8007BED-0C6F-4EE9-AD0C-F7A5A19971E9}.Debug|x64.Build.0 = Debug|Any CPU
		{D8007BED-0C6F-4EE9-AD0C-F7A5A19971E9}.Debug|x86.ActiveCfg = Debug|Any CPU
		{D8007BED-0C6F-4EE9-AD0C-F7A5A19971E9}.Debug|x86.Build.0 = Debug|Any CPU
		{D8007BED-0C6F-4EE9-AD0C-F7A5A19971E9}.Release|Any CPU.ActiveCfg = Release|Any CPU
		{D8007BED-0C6F-4EE9-AD0C-F7A5A19971E9}.Release|Any CPU.Build.0 = Release|Any CPU
		{D8007BED-0C6F-4EE9-AD0C-F7A5A19971E9}.Release|x64.ActiveCfg = Release|Any CPU
		{D8007BED-0C6F-4EE9-AD0C-F7A5A19971E9}.Release|x64.Build.0 = Release|Any CPU
		{D8007BED-0C6F-4EE9-AD0C-F7A5A19971E9}.Release|x86.ActiveCfg = Release|Any CPU
		{D8007BED-0C6F-4EE9-AD0C-F7A5A19971E9}.Release|x86.Build.0 = Release|Any CPU
		{D7048D30-9E68-4263-9C20-179E1201113F}.Debug|Any CPU.ActiveCfg = Debug|Any CPU
		{D7048D30-9E68-4263-9C20-179E1201113F}.Debug|Any CPU.Build.0 = Debug|Any CPU
		{D7048D30-9E68-4263-9C20-179E1201113F}.Debug|x64.ActiveCfg = Debug|Any CPU
		{D7048D30-9E68-4263-9C20-179E1201113F}.Debug|x64.Build.0 = Debug|Any CPU
		{D7048D30-9E68-4263-9C20-179E1201113F}.Debug|x86.ActiveCfg = Debug|Any CPU
		{D7048D30-9E68-4263-9C20-179E1201113F}.Debug|x86.Build.0 = Debug|Any CPU
		{D7048D30-9E68-4263-9C20-179E1201113F}.Release|Any CPU.ActiveCfg = Release|Any CPU
		{D7048D30-9E68-4263-9C20-179E1201113F}.Release|Any CPU.Build.0 = Release|Any CPU
		{D7048D30-9E68-4263-9C20-179E1201113F}.Release|x64.ActiveCfg = Release|Any CPU
		{D7048D30-9E68-4263-9C20-179E1201113F}.Release|x64.Build.0 = Release|Any CPU
		{D7048D30-9E68-4263-9C20-179E1201113F}.Release|x86.ActiveCfg = Release|Any CPU
		{D7048D30-9E68-4263-9C20-179E1201113F}.Release|x86.Build.0 = Release|Any CPU
		{D4D78D7C-2D76-4A1C-A86E-DCB3C5CADCC7}.Debug|Any CPU.ActiveCfg = Debug|Any CPU
		{D4D78D7C-2D76-4A1C-A86E-DCB3C5CADCC7}.Debug|Any CPU.Build.0 = Debug|Any CPU
		{D4D78D7C-2D76-4A1C-A86E-DCB3C5CADCC7}.Debug|x64.ActiveCfg = Debug|Any CPU
		{D4D78D7C-2D76-4A1C-A86E-DCB3C5CADCC7}.Debug|x64.Build.0 = Debug|Any CPU
		{D4D78D7C-2D76-4A1C-A86E-DCB3C5CADCC7}.Debug|x86.ActiveCfg = Debug|Any CPU
		{D4D78D7C-2D76-4A1C-A86E-DCB3C5CADCC7}.Debug|x86.Build.0 = Debug|Any CPU
		{D4D78D7C-2D76-4A1C-A86E-DCB3C5CADCC7}.Release|Any CPU.ActiveCfg = Release|Any CPU
		{D4D78D7C-2D76-4A1C-A86E-DCB3C5CADCC7}.Release|Any CPU.Build.0 = Release|Any CPU
		{D4D78D7C-2D76-4A1C-A86E-DCB3C5CADCC7}.Release|x64.ActiveCfg = Release|Any CPU
		{D4D78D7C-2D76-4A1C-A86E-DCB3C5CADCC7}.Release|x64.Build.0 = Release|Any CPU
		{D4D78D7C-2D76-4A1C-A86E-DCB3C5CADCC7}.Release|x86.ActiveCfg = Release|Any CPU
		{D4D78D7C-2D76-4A1C-A86E-DCB3C5CADCC7}.Release|x86.Build.0 = Release|Any CPU
		{9B9540A8-7DAD-4E63-B3DF-A8D24DED715E}.Debug|Any CPU.ActiveCfg = Debug|Any CPU
		{9B9540A8-7DAD-4E63-B3DF-A8D24DED715E}.Debug|Any CPU.Build.0 = Debug|Any CPU
		{9B9540A8-7DAD-4E63-B3DF-A8D24DED715E}.Debug|x64.ActiveCfg = Debug|Any CPU
		{9B9540A8-7DAD-4E63-B3DF-A8D24DED715E}.Debug|x64.Build.0 = Debug|Any CPU
		{9B9540A8-7DAD-4E63-B3DF-A8D24DED715E}.Debug|x86.ActiveCfg = Debug|Any CPU
		{9B9540A8-7DAD-4E63-B3DF-A8D24DED715E}.Debug|x86.Build.0 = Debug|Any CPU
		{9B9540A8-7DAD-4E63-B3DF-A8D24DED715E}.Release|Any CPU.ActiveCfg = Release|Any CPU
		{9B9540A8-7DAD-4E63-B3DF-A8D24DED715E}.Release|Any CPU.Build.0 = Release|Any CPU
		{9B9540A8-7DAD-4E63-B3DF-A8D24DED715E}.Release|x64.ActiveCfg = Release|Any CPU
		{9B9540A8-7DAD-4E63-B3DF-A8D24DED715E}.Release|x64.Build.0 = Release|Any CPU
		{9B9540A8-7DAD-4E63-B3DF-A8D24DED715E}.Release|x86.ActiveCfg = Release|Any CPU
		{9B9540A8-7DAD-4E63-B3DF-A8D24DED715E}.Release|x86.Build.0 = Release|Any CPU
		{1BDB72BF-83EF-4F4C-9277-4A9ED8953FD0}.Debug|Any CPU.ActiveCfg = Debug|Any CPU
		{1BDB72BF-83EF-4F4C-9277-4A9ED8953FD0}.Debug|Any CPU.Build.0 = Debug|Any CPU
		{1BDB72BF-83EF-4F4C-9277-4A9ED8953FD0}.Debug|x64.ActiveCfg = Debug|Any CPU
		{1BDB72BF-83EF-4F4C-9277-4A9ED8953FD0}.Debug|x64.Build.0 = Debug|Any CPU
		{1BDB72BF-83EF-4F4C-9277-4A9ED8953FD0}.Debug|x86.ActiveCfg = Debug|Any CPU
		{1BDB72BF-83EF-4F4C-9277-4A9ED8953FD0}.Debug|x86.Build.0 = Debug|Any CPU
		{1BDB72BF-83EF-4F4C-9277-4A9ED8953FD0}.Release|Any CPU.ActiveCfg = Release|Any CPU
		{1BDB72BF-83EF-4F4C-9277-4A9ED8953FD0}.Release|Any CPU.Build.0 = Release|Any CPU
		{1BDB72BF-83EF-4F4C-9277-4A9ED8953FD0}.Release|x64.ActiveCfg = Release|Any CPU
		{1BDB72BF-83EF-4F4C-9277-4A9ED8953FD0}.Release|x64.Build.0 = Release|Any CPU
		{1BDB72BF-83EF-4F4C-9277-4A9ED8953FD0}.Release|x86.ActiveCfg = Release|Any CPU
		{1BDB72BF-83EF-4F4C-9277-4A9ED8953FD0}.Release|x86.Build.0 = Release|Any CPU
		{86164E1A-2074-4954-8F26-20F569738A43}.Debug|Any CPU.ActiveCfg = Debug|Any CPU
		{86164E1A-2074-4954-8F26-20F569738A43}.Debug|Any CPU.Build.0 = Debug|Any CPU
		{86164E1A-2074-4954-8F26-20F569738A43}.Debug|x64.ActiveCfg = Debug|Any CPU
		{86164E1A-2074-4954-8F26-20F569738A43}.Debug|x64.Build.0 = Debug|Any CPU
		{86164E1A-2074-4954-8F26-20F569738A43}.Debug|x86.ActiveCfg = Debug|Any CPU
		{86164E1A-2074-4954-8F26-20F569738A43}.Debug|x86.Build.0 = Debug|Any CPU
		{86164E1A-2074-4954-8F26-20F569738A43}.Release|Any CPU.ActiveCfg = Release|Any CPU
		{86164E1A-2074-4954-8F26-20F569738A43}.Release|Any CPU.Build.0 = Release|Any CPU
		{86164E1A-2074-4954-8F26-20F569738A43}.Release|x64.ActiveCfg = Release|Any CPU
		{86164E1A-2074-4954-8F26-20F569738A43}.Release|x64.Build.0 = Release|Any CPU
		{86164E1A-2074-4954-8F26-20F569738A43}.Release|x86.ActiveCfg = Release|Any CPU
		{86164E1A-2074-4954-8F26-20F569738A43}.Release|x86.Build.0 = Release|Any CPU
		{E74CF69D-5F33-43E9-9982-7084F0383F08}.Debug|Any CPU.ActiveCfg = Debug|Any CPU
		{E74CF69D-5F33-43E9-9982-7084F0383F08}.Debug|Any CPU.Build.0 = Debug|Any CPU
		{E74CF69D-5F33-43E9-9982-7084F0383F08}.Debug|x64.ActiveCfg = Debug|Any CPU
		{E74CF69D-5F33-43E9-9982-7084F0383F08}.Debug|x64.Build.0 = Debug|Any CPU
		{E74CF69D-5F33-43E9-9982-7084F0383F08}.Debug|x86.ActiveCfg = Debug|Any CPU
		{E74CF69D-5F33-43E9-9982-7084F0383F08}.Debug|x86.Build.0 = Debug|Any CPU
		{E74CF69D-5F33-43E9-9982-7084F0383F08}.Release|Any CPU.ActiveCfg = Release|Any CPU
		{E74CF69D-5F33-43E9-9982-7084F0383F08}.Release|Any CPU.Build.0 = Release|Any CPU
		{E74CF69D-5F33-43E9-9982-7084F0383F08}.Release|x64.ActiveCfg = Release|Any CPU
		{E74CF69D-5F33-43E9-9982-7084F0383F08}.Release|x64.Build.0 = Release|Any CPU
		{E74CF69D-5F33-43E9-9982-7084F0383F08}.Release|x86.ActiveCfg = Release|Any CPU
		{E74CF69D-5F33-43E9-9982-7084F0383F08}.Release|x86.Build.0 = Release|Any CPU
		{C2F677BA-E032-4B84-958D-F8DB507C1300}.Debug|Any CPU.ActiveCfg = Debug|Any CPU
		{C2F677BA-E032-4B84-958D-F8DB507C1300}.Debug|Any CPU.Build.0 = Debug|Any CPU
		{C2F677BA-E032-4B84-958D-F8DB507C1300}.Debug|x64.ActiveCfg = Debug|Any CPU
		{C2F677BA-E032-4B84-958D-F8DB507C1300}.Debug|x64.Build.0 = Debug|Any CPU
		{C2F677BA-E032-4B84-958D-F8DB507C1300}.Debug|x86.ActiveCfg = Debug|Any CPU
		{C2F677BA-E032-4B84-958D-F8DB507C1300}.Debug|x86.Build.0 = Debug|Any CPU
		{C2F677BA-E032-4B84-958D-F8DB507C1300}.Release|Any CPU.ActiveCfg = Release|Any CPU
		{C2F677BA-E032-4B84-958D-F8DB507C1300}.Release|Any CPU.Build.0 = Release|Any CPU
		{C2F677BA-E032-4B84-958D-F8DB507C1300}.Release|x64.ActiveCfg = Release|Any CPU
		{C2F677BA-E032-4B84-958D-F8DB507C1300}.Release|x64.Build.0 = Release|Any CPU
		{C2F677BA-E032-4B84-958D-F8DB507C1300}.Release|x86.ActiveCfg = Release|Any CPU
		{C2F677BA-E032-4B84-958D-F8DB507C1300}.Release|x86.Build.0 = Release|Any CPU
		{D09BCD23-670B-4C2C-9794-FA11462C2DB4}.Debug|Any CPU.ActiveCfg = Debug|Any CPU
		{D09BCD23-670B-4C2C-9794-FA11462C2DB4}.Debug|Any CPU.Build.0 = Debug|Any CPU
		{D09BCD23-670B-4C2C-9794-FA11462C2DB4}.Debug|x64.ActiveCfg = Debug|Any CPU
		{D09BCD23-670B-4C2C-9794-FA11462C2DB4}.Debug|x64.Build.0 = Debug|Any CPU
		{D09BCD23-670B-4C2C-9794-FA11462C2DB4}.Debug|x86.ActiveCfg = Debug|Any CPU
		{D09BCD23-670B-4C2C-9794-FA11462C2DB4}.Debug|x86.Build.0 = Debug|Any CPU
		{D09BCD23-670B-4C2C-9794-FA11462C2DB4}.Release|Any CPU.ActiveCfg = Release|Any CPU
		{D09BCD23-670B-4C2C-9794-FA11462C2DB4}.Release|Any CPU.Build.0 = Release|Any CPU
		{D09BCD23-670B-4C2C-9794-FA11462C2DB4}.Release|x64.ActiveCfg = Release|Any CPU
		{D09BCD23-670B-4C2C-9794-FA11462C2DB4}.Release|x64.Build.0 = Release|Any CPU
		{D09BCD23-670B-4C2C-9794-FA11462C2DB4}.Release|x86.ActiveCfg = Release|Any CPU
		{D09BCD23-670B-4C2C-9794-FA11462C2DB4}.Release|x86.Build.0 = Release|Any CPU
		{F11BAE97-A7CC-4F4E-802A-545EF0BD9DE6}.Debug|Any CPU.ActiveCfg = Debug|Any CPU
		{F11BAE97-A7CC-4F4E-802A-545EF0BD9DE6}.Debug|Any CPU.Build.0 = Debug|Any CPU
		{F11BAE97-A7CC-4F4E-802A-545EF0BD9DE6}.Debug|x64.ActiveCfg = Debug|Any CPU
		{F11BAE97-A7CC-4F4E-802A-545EF0BD9DE6}.Debug|x64.Build.0 = Debug|Any CPU
		{F11BAE97-A7CC-4F4E-802A-545EF0BD9DE6}.Debug|x86.ActiveCfg = Debug|Any CPU
		{F11BAE97-A7CC-4F4E-802A-545EF0BD9DE6}.Debug|x86.Build.0 = Debug|Any CPU
		{F11BAE97-A7CC-4F4E-802A-545EF0BD9DE6}.Release|Any CPU.ActiveCfg = Release|Any CPU
		{F11BAE97-A7CC-4F4E-802A-545EF0BD9DE6}.Release|Any CPU.Build.0 = Release|Any CPU
		{F11BAE97-A7CC-4F4E-802A-545EF0BD9DE6}.Release|x64.ActiveCfg = Release|Any CPU
		{F11BAE97-A7CC-4F4E-802A-545EF0BD9DE6}.Release|x64.Build.0 = Release|Any CPU
		{F11BAE97-A7CC-4F4E-802A-545EF0BD9DE6}.Release|x86.ActiveCfg = Release|Any CPU
		{F11BAE97-A7CC-4F4E-802A-545EF0BD9DE6}.Release|x86.Build.0 = Release|Any CPU
		{C8B65F28-A39B-4743-A276-6465CC1B88C5}.Debug|Any CPU.ActiveCfg = Debug|Any CPU
		{C8B65F28-A39B-4743-A276-6465CC1B88C5}.Debug|Any CPU.Build.0 = Debug|Any CPU
		{C8B65F28-A39B-4743-A276-6465CC1B88C5}.Debug|x64.ActiveCfg = Debug|Any CPU
		{C8B65F28-A39B-4743-A276-6465CC1B88C5}.Debug|x64.Build.0 = Debug|Any CPU
		{C8B65F28-A39B-4743-A276-6465CC1B88C5}.Debug|x86.ActiveCfg = Debug|Any CPU
		{C8B65F28-A39B-4743-A276-6465CC1B88C5}.Debug|x86.Build.0 = Debug|Any CPU
		{C8B65F28-A39B-4743-A276-6465CC1B88C5}.Release|Any CPU.ActiveCfg = Release|Any CPU
		{C8B65F28-A39B-4743-A276-6465CC1B88C5}.Release|Any CPU.Build.0 = Release|Any CPU
		{C8B65F28-A39B-4743-A276-6465CC1B88C5}.Release|x64.ActiveCfg = Release|Any CPU
		{C8B65F28-A39B-4743-A276-6465CC1B88C5}.Release|x64.Build.0 = Release|Any CPU
		{C8B65F28-A39B-4743-A276-6465CC1B88C5}.Release|x86.ActiveCfg = Release|Any CPU
		{C8B65F28-A39B-4743-A276-6465CC1B88C5}.Release|x86.Build.0 = Release|Any CPU
		{EE0BBC0B-8278-4A15-A6DF-1BD3B511AC2B}.Debug|Any CPU.ActiveCfg = Debug|Any CPU
		{EE0BBC0B-8278-4A15-A6DF-1BD3B511AC2B}.Debug|Any CPU.Build.0 = Debug|Any CPU
		{EE0BBC0B-8278-4A15-A6DF-1BD3B511AC2B}.Debug|x64.ActiveCfg = Debug|Any CPU
		{EE0BBC0B-8278-4A15-A6DF-1BD3B511AC2B}.Debug|x64.Build.0 = Debug|Any CPU
		{EE0BBC0B-8278-4A15-A6DF-1BD3B511AC2B}.Debug|x86.ActiveCfg = Debug|Any CPU
		{EE0BBC0B-8278-4A15-A6DF-1BD3B511AC2B}.Debug|x86.Build.0 = Debug|Any CPU
		{EE0BBC0B-8278-4A15-A6DF-1BD3B511AC2B}.Release|Any CPU.ActiveCfg = Release|Any CPU
		{EE0BBC0B-8278-4A15-A6DF-1BD3B511AC2B}.Release|Any CPU.Build.0 = Release|Any CPU
		{EE0BBC0B-8278-4A15-A6DF-1BD3B511AC2B}.Release|x64.ActiveCfg = Release|Any CPU
		{EE0BBC0B-8278-4A15-A6DF-1BD3B511AC2B}.Release|x64.Build.0 = Release|Any CPU
		{EE0BBC0B-8278-4A15-A6DF-1BD3B511AC2B}.Release|x86.ActiveCfg = Release|Any CPU
		{EE0BBC0B-8278-4A15-A6DF-1BD3B511AC2B}.Release|x86.Build.0 = Release|Any CPU
		{1EC50F86-1F73-4943-A451-2364D086ACCF}.Debug|Any CPU.ActiveCfg = Debug|Any CPU
		{1EC50F86-1F73-4943-A451-2364D086ACCF}.Debug|Any CPU.Build.0 = Debug|Any CPU
		{1EC50F86-1F73-4943-A451-2364D086ACCF}.Debug|x64.ActiveCfg = Debug|Any CPU
		{1EC50F86-1F73-4943-A451-2364D086ACCF}.Debug|x64.Build.0 = Debug|Any CPU
		{1EC50F86-1F73-4943-A451-2364D086ACCF}.Debug|x86.ActiveCfg = Debug|Any CPU
		{1EC50F86-1F73-4943-A451-2364D086ACCF}.Debug|x86.Build.0 = Debug|Any CPU
		{1EC50F86-1F73-4943-A451-2364D086ACCF}.Release|Any CPU.ActiveCfg = Release|Any CPU
		{1EC50F86-1F73-4943-A451-2364D086ACCF}.Release|Any CPU.Build.0 = Release|Any CPU
		{1EC50F86-1F73-4943-A451-2364D086ACCF}.Release|x64.ActiveCfg = Release|Any CPU
		{1EC50F86-1F73-4943-A451-2364D086ACCF}.Release|x64.Build.0 = Release|Any CPU
		{1EC50F86-1F73-4943-A451-2364D086ACCF}.Release|x86.ActiveCfg = Release|Any CPU
		{1EC50F86-1F73-4943-A451-2364D086ACCF}.Release|x86.Build.0 = Release|Any CPU
		{DA2A9DF0-00AC-4E93-A9FA-5B368C6A8BBB}.Debug|Any CPU.ActiveCfg = Debug|Any CPU
		{DA2A9DF0-00AC-4E93-A9FA-5B368C6A8BBB}.Debug|Any CPU.Build.0 = Debug|Any CPU
		{DA2A9DF0-00AC-4E93-A9FA-5B368C6A8BBB}.Debug|x64.ActiveCfg = Debug|Any CPU
		{DA2A9DF0-00AC-4E93-A9FA-5B368C6A8BBB}.Debug|x64.Build.0 = Debug|Any CPU
		{DA2A9DF0-00AC-4E93-A9FA-5B368C6A8BBB}.Debug|x86.ActiveCfg = Debug|Any CPU
		{DA2A9DF0-00AC-4E93-A9FA-5B368C6A8BBB}.Debug|x86.Build.0 = Debug|Any CPU
		{DA2A9DF0-00AC-4E93-A9FA-5B368C6A8BBB}.Release|Any CPU.ActiveCfg = Release|Any CPU
		{DA2A9DF0-00AC-4E93-A9FA-5B368C6A8BBB}.Release|Any CPU.Build.0 = Release|Any CPU
		{DA2A9DF0-00AC-4E93-A9FA-5B368C6A8BBB}.Release|x64.ActiveCfg = Release|Any CPU
		{DA2A9DF0-00AC-4E93-A9FA-5B368C6A8BBB}.Release|x64.Build.0 = Release|Any CPU
		{DA2A9DF0-00AC-4E93-A9FA-5B368C6A8BBB}.Release|x86.ActiveCfg = Release|Any CPU
		{DA2A9DF0-00AC-4E93-A9FA-5B368C6A8BBB}.Release|x86.Build.0 = Release|Any CPU
		{6D326CAE-B115-43E1-974B-7A8B0FFF1FEC}.Debug|Any CPU.ActiveCfg = Debug|Any CPU
		{6D326CAE-B115-43E1-974B-7A8B0FFF1FEC}.Debug|Any CPU.Build.0 = Debug|Any CPU
		{6D326CAE-B115-43E1-974B-7A8B0FFF1FEC}.Debug|x64.ActiveCfg = Debug|Any CPU
		{6D326CAE-B115-43E1-974B-7A8B0FFF1FEC}.Debug|x64.Build.0 = Debug|Any CPU
		{6D326CAE-B115-43E1-974B-7A8B0FFF1FEC}.Debug|x86.ActiveCfg = Debug|Any CPU
		{6D326CAE-B115-43E1-974B-7A8B0FFF1FEC}.Debug|x86.Build.0 = Debug|Any CPU
		{6D326CAE-B115-43E1-974B-7A8B0FFF1FEC}.Release|Any CPU.ActiveCfg = Release|Any CPU
		{6D326CAE-B115-43E1-974B-7A8B0FFF1FEC}.Release|Any CPU.Build.0 = Release|Any CPU
		{6D326CAE-B115-43E1-974B-7A8B0FFF1FEC}.Release|x64.ActiveCfg = Release|Any CPU
		{6D326CAE-B115-43E1-974B-7A8B0FFF1FEC}.Release|x64.Build.0 = Release|Any CPU
		{6D326CAE-B115-43E1-974B-7A8B0FFF1FEC}.Release|x86.ActiveCfg = Release|Any CPU
		{6D326CAE-B115-43E1-974B-7A8B0FFF1FEC}.Release|x86.Build.0 = Release|Any CPU
		{5B5D111D-F649-4A82-A172-8E50AE35ACD0}.Debug|Any CPU.ActiveCfg = Debug|Any CPU
		{5B5D111D-F649-4A82-A172-8E50AE35ACD0}.Debug|Any CPU.Build.0 = Debug|Any CPU
		{5B5D111D-F649-4A82-A172-8E50AE35ACD0}.Debug|x64.ActiveCfg = Debug|Any CPU
		{5B5D111D-F649-4A82-A172-8E50AE35ACD0}.Debug|x64.Build.0 = Debug|Any CPU
		{5B5D111D-F649-4A82-A172-8E50AE35ACD0}.Debug|x86.ActiveCfg = Debug|Any CPU
		{5B5D111D-F649-4A82-A172-8E50AE35ACD0}.Debug|x86.Build.0 = Debug|Any CPU
		{5B5D111D-F649-4A82-A172-8E50AE35ACD0}.Release|Any CPU.ActiveCfg = Release|Any CPU
		{5B5D111D-F649-4A82-A172-8E50AE35ACD0}.Release|Any CPU.Build.0 = Release|Any CPU
		{5B5D111D-F649-4A82-A172-8E50AE35ACD0}.Release|x64.ActiveCfg = Release|Any CPU
		{5B5D111D-F649-4A82-A172-8E50AE35ACD0}.Release|x64.Build.0 = Release|Any CPU
		{5B5D111D-F649-4A82-A172-8E50AE35ACD0}.Release|x86.ActiveCfg = Release|Any CPU
		{5B5D111D-F649-4A82-A172-8E50AE35ACD0}.Release|x86.Build.0 = Release|Any CPU
		{83E71238-5895-418F-85A6-065D999AAB92}.Debug|Any CPU.ActiveCfg = Debug|Any CPU
		{83E71238-5895-418F-85A6-065D999AAB92}.Debug|Any CPU.Build.0 = Debug|Any CPU
		{83E71238-5895-418F-85A6-065D999AAB92}.Debug|x64.ActiveCfg = Debug|Any CPU
		{83E71238-5895-418F-85A6-065D999AAB92}.Debug|x64.Build.0 = Debug|Any CPU
		{83E71238-5895-418F-85A6-065D999AAB92}.Debug|x86.ActiveCfg = Debug|Any CPU
		{83E71238-5895-418F-85A6-065D999AAB92}.Debug|x86.Build.0 = Debug|Any CPU
		{83E71238-5895-418F-85A6-065D999AAB92}.Release|Any CPU.ActiveCfg = Release|Any CPU
		{83E71238-5895-418F-85A6-065D999AAB92}.Release|Any CPU.Build.0 = Release|Any CPU
		{83E71238-5895-418F-85A6-065D999AAB92}.Release|x64.ActiveCfg = Release|Any CPU
		{83E71238-5895-418F-85A6-065D999AAB92}.Release|x64.Build.0 = Release|Any CPU
		{83E71238-5895-418F-85A6-065D999AAB92}.Release|x86.ActiveCfg = Release|Any CPU
		{83E71238-5895-418F-85A6-065D999AAB92}.Release|x86.Build.0 = Release|Any CPU
	EndGlobalSection
	GlobalSection(SolutionProperties) = preSolution
		HideSolutionNode = FALSE
	EndGlobalSection
	GlobalSection(NestedProjects) = preSolution
		{5DD78E6A-251F-4AA8-87FA-63469D09ECC6} = {99F30A76-4397-D33E-4645-72569B461E26}
		{E57AD173-7CB2-4829-AEC6-24F148C83CCD} = {827E0CD3-B72D-47B6-A68D-7590B98EB39B}
		{3428A10B-A892-4589-9B9A-0261C89E5EE3} = {99F30A76-4397-D33E-4645-72569B461E26}
		{B9FD68B6-E74F-40C6-8AAF-0D94ED64465D} = {99F30A76-4397-D33E-4645-72569B461E26}
		{402F3D10-04FC-4740-956A-E242D1568CC3} = {99F30A76-4397-D33E-4645-72569B461E26}
		{D8007BED-0C6F-4EE9-AD0C-F7A5A19971E9} = {823D4020-332D-2C13-F261-6F510F11A57E}
		{D7048D30-9E68-4263-9C20-179E1201113F} = {823D4020-332D-2C13-F261-6F510F11A57E}
		{D4D78D7C-2D76-4A1C-A86E-DCB3C5CADCC7} = {823D4020-332D-2C13-F261-6F510F11A57E}
		{9B9540A8-7DAD-4E63-B3DF-A8D24DED715E} = {823D4020-332D-2C13-F261-6F510F11A57E}
		{1BDB72BF-83EF-4F4C-9277-4A9ED8953FD0} = {CA253913-39DE-BFD0-C9A3-4B7EC6FBDF17}
		{86164E1A-2074-4954-8F26-20F569738A43} = {CA253913-39DE-BFD0-C9A3-4B7EC6FBDF17}
		{E74CF69D-5F33-43E9-9982-7084F0383F08} = {CA253913-39DE-BFD0-C9A3-4B7EC6FBDF17}
		{C2F677BA-E032-4B84-958D-F8DB507C1300} = {CA253913-39DE-BFD0-C9A3-4B7EC6FBDF17}
		{D09BCD23-670B-4C2C-9794-FA11462C2DB4} = {CA253913-39DE-BFD0-C9A3-4B7EC6FBDF17}
		{F11BAE97-A7CC-4F4E-802A-545EF0BD9DE6} = {827E0CD3-B72D-47B6-A68D-7590B98EB39B}
		{C8B65F28-A39B-4743-A276-6465CC1B88C5} = {827E0CD3-B72D-47B6-A68D-7590B98EB39B}
		{EE0BBC0B-8278-4A15-A6DF-1BD3B511AC2B} = {827E0CD3-B72D-47B6-A68D-7590B98EB39B}
		{1EC50F86-1F73-4943-A451-2364D086ACCF} = {827E0CD3-B72D-47B6-A68D-7590B98EB39B}
		{DA2A9DF0-00AC-4E93-A9FA-5B368C6A8BBB} = {0AB3BF05-4346-4AA6-1389-037BE0695223}
		{6D326CAE-B115-43E1-974B-7A8B0FFF1FEC} = {0AB3BF05-4346-4AA6-1389-037BE0695223}
		{5B5D111D-F649-4A82-A172-8E50AE35ACD0} = {827E0CD3-B72D-47B6-A68D-7590B98EB39B}
		{83E71238-5895-418F-85A6-065D999AAB92} = {823D4020-332D-2C13-F261-6F510F11A57E}
	EndGlobalSection
EndGlobal
